// !$*UTF8*$!
{
	archiveVersion = 1;
	classes = {
	};
	objectVersion = 48;
	objects = {

/* Begin PBXBuildFile section */
		2FAD9763203C412B000D30F8 /* config.xml in Resources */ = {isa = PBXBuildFile; fileRef = 2FAD9762203C412B000D30F8 /* config.xml */; };
		50379B232058CBB4000EE86E /* capacitor.config.json in Resources */ = {isa = PBXBuildFile; fileRef = 50379B222058CBB4000EE86E /* capacitor.config.json */; };
		504EC3081FED79650016851F /* AppDelegate.swift in Sources */ = {isa = PBXBuildFile; fileRef = 504EC3071FED79650016851F /* AppDelegate.swift */; };
		504EC30D1FED79650016851F /* Main.storyboard in Resources */ = {isa = PBXBuildFile; fileRef = 504EC30B1FED79650016851F /* Main.storyboard */; };
		50B271D11FEDC1A000F3C39B /* public in Resources */ = {isa = PBXBuildFile; fileRef = 50B271D01FEDC1A000F3C39B /* public */; };
		7104E1A8CCBBC84B087F3D5A /* Pods_App_slims.framework in Frameworks */ = {isa = PBXBuildFile; fileRef = 023A8628AF3F550F37349463 /* Pods_App_slims.framework */; };
		9822C2112F7A8AD1001A9358 /* AppDelegate.swift in Sources */ = {isa = PBXBuildFile; fileRef = 504EC3071FED79650016851F /* AppDelegate.swift */; };
		9822C2162F7A8AD1001A9358 /* public in Resources */ = {isa = PBXBuildFile; fileRef = 50B271D01FEDC1A000F3C39B /* public */; };
		9822C2182F7A8AD1001A9358 /* capacitor.config.json in Resources */ = {isa = PBXBuildFile; fileRef = 50379B222058CBB4000EE86E /* capacitor.config.json */; };
		9822C2192F7A8AD1001A9358 /* Main.storyboard in Resources */ = {isa = PBXBuildFile; fileRef = 504EC30B1FED79650016851F /* Main.storyboard */; };
		9822C21A2F7A8AD1001A9358 /* config.xml in Resources */ = {isa = PBXBuildFile; fileRef = 2FAD9762203C412B000D30F8 /* config.xml */; };
		9822C2222F7AA53E001A9358 /* LaunchScreen-slims.storyboard in Resources */ = {isa = PBXBuildFile; fileRef = 9822C2202F7AA53E001A9358 /* LaunchScreen-slims.storyboard */; };
		9822C2252F7AA548001A9358 /* LaunchScreen-lifecare.storyboard in Resources */ = {isa = PBXBuildFile; fileRef = 9822C2232F7AA548001A9358 /* LaunchScreen-lifecare.storyboard */; };
		9822C2262F7AA638001A9358 /* Assets.xcassets in Resources */ = {isa = PBXBuildFile; fileRef = 504EC30E1FED79650016851F /* Assets.xcassets */; };
		9822C2272F7AA63E001A9358 /* Assets.xcassets in Resources */ = {isa = PBXBuildFile; fileRef = 504EC30E1FED79650016851F /* Assets.xcassets */; };
		B4351B4AD4CFE8E1338DFAFB /* Pods_App_lifecare.framework in Frameworks */ = {isa = PBXBuildFile; fileRef = 084A3AF5D9A39C19F5E1809F /* Pods_App_lifecare.framework */; };
/* End PBXBuildFile section */

/* Begin PBXFileReference section */
		023A8628AF3F550F37349463 /* Pods_App_slims.framework */ = {isa = PBXFileReference; explicitFileType = wrapper.framework; includeInIndex = 0; path = Pods_App_slims.framework; sourceTree = BUILT_PRODUCTS_DIR; };
		084A3AF5D9A39C19F5E1809F /* Pods_App_lifecare.framework */ = {isa = PBXFileReference; explicitFileType = wrapper.framework; includeInIndex = 0; path = Pods_App_lifecare.framework; sourceTree = BUILT_PRODUCTS_DIR; };
		2FAD9762203C412B000D30F8 /* config.xml */ = {isa = PBXFileReference; lastKnownFileType = text.xml; path = config.xml; sourceTree = "<group>"; };
		409A3923CDB99A4C1DEDA369 /* Pods-App slims.debug.xcconfig */ = {isa = PBXFileReference; includeInIndex = 1; lastKnownFileType = text.xcconfig; name = "Pods-App slims.debug.xcconfig"; path = "Target Support Files/Pods-App slims/Pods-App slims.debug.xcconfig"; sourceTree = "<group>"; };
		50379B222058CBB4000EE86E /* capacitor.config.json */ = {isa = PBXFileReference; fileEncoding = 4; lastKnownFileType = text.json; path = capacitor.config.json; sourceTree = "<group>"; };
		504EC3041FED79650016851F /* App slims.app */ = {isa = PBXFileReference; explicitFileType = wrapper.application; includeInIndex = 0; path = "App slims.app"; sourceTree = BUILT_PRODUCTS_DIR; };
		504EC3071FED79650016851F /* AppDelegate.swift */ = {isa = PBXFileReference; lastKnownFileType = sourcecode.swift; path = AppDelegate.swift; sourceTree = "<group>"; };
		504EC30C1FED79650016851F /* Base */ = {isa = PBXFileReference; lastKnownFileType = file.storyboard; name = Base; path = Base.lproj/Main.storyboard; sourceTree = "<group>"; };
		504EC30E1FED79650016851F /* Assets.xcassets */ = {isa = PBXFileReference; lastKnownFileType = folder.assetcatalog; path = Assets.xcassets; sourceTree = "<group>"; };
		504EC3131FED79650016851F /* slims-Info.plist */ = {isa = PBXFileReference; lastKnownFileType = text.plist.xml; path = "slims-Info.plist"; sourceTree = "<group>"; };
		50B271D01FEDC1A000F3C39B /* public */ = {isa = PBXFileReference; lastKnownFileType = folder; path = public; sourceTree = "<group>"; };
		65FE5FEC7AAF372D40223AF9 /* Pods-App lifecare.release.xcconfig */ = {isa = PBXFileReference; includeInIndex = 1; lastKnownFileType = text.xcconfig; name = "Pods-App lifecare.release.xcconfig"; path = "Target Support Files/Pods-App lifecare/Pods-App lifecare.release.xcconfig"; sourceTree = "<group>"; };
		73437353F511BCF67C6C2F56 /* Pods-App slims.release.xcconfig */ = {isa = PBXFileReference; includeInIndex = 1; lastKnownFileType = text.xcconfig; name = "Pods-App slims.release.xcconfig"; path = "Target Support Files/Pods-App slims/Pods-App slims.release.xcconfig"; sourceTree = "<group>"; };
		958DCC722DB07C7200EA8C5F /* debug.xcconfig */ = {isa = PBXFileReference; lastKnownFileType = text.xcconfig; name = debug.xcconfig; path = ../debug.xcconfig; sourceTree = SOURCE_ROOT; };
		9822C21E2F7A8AD1001A9358 /* App lifecare.app */ = {isa = PBXFileReference; explicitFileType = wrapper.application; includeInIndex = 0; path = "App lifecare.app"; sourceTree = BUILT_PRODUCTS_DIR; };
		9822C21F2F7A8AD2001A9358 /* lifecare-Info.plist */ = {isa = PBXFileReference; lastKnownFileType = text.plist.xml; name = "lifecare-Info.plist"; path = "/Users/mayankbariya/lims-patient/ios/App/lifecare-Info.plist"; sourceTree = "<absolute>"; };
		9822C2212F7AA53E001A9358 /* Base */ = {isa = PBXFileReference; lastKnownFileType = file.storyboard; name = Base; path = "Base.lproj/LaunchScreen-slims.storyboard"; sourceTree = "<group>"; };
		9822C2242F7AA548001A9358 /* Base */ = {isa = PBXFileReference; lastKnownFileType = file.storyboard; name = Base; path = "Base.lproj/LaunchScreen-lifecare.storyboard"; sourceTree = "<group>"; };
		B0249BDE1E2E9A28E2F18CC8 /* Pods-App lifecare.debug.xcconfig */ = {isa = PBXFileReference; includeInIndex = 1; lastKnownFileType = text.xcconfig; name = "Pods-App lifecare.debug.xcconfig"; path = "Target Support Files/Pods-App lifecare/Pods-App lifecare.debug.xcconfig"; sourceTree = "<group>"; };
/* End PBXFileReference section */

/* Begin PBXFrameworksBuildPhase section */
		504EC3011FED79650016851F /* Frameworks */ = {
			isa = PBXFrameworksBuildPhase;
			buildActionMask = 2147483647;
			files = (
				7104E1A8CCBBC84B087F3D5A /* Pods_App_slims.framework in Frameworks */,
			);
			runOnlyForDeploymentPostprocessing = 0;
		};
		9822C2122F7A8AD1001A9358 /* Frameworks */ = {
			isa = PBXFrameworksBuildPhase;
			buildActionMask = 2147483647;
			files = (
				B4351B4AD4CFE8E1338DFAFB /* Pods_App_lifecare.framework in Frameworks */,
			);
			runOnlyForDeploymentPostprocessing = 0;
		};
/* End PBXFrameworksBuildPhase section */

/* Begin PBXGroup section */
		504EC2FB1FED79650016851F = {
			isa = PBXGroup;
			children = (
				958DCC722DB07C7200EA8C5F /* debug.xcconfig */,
				504EC3061FED79650016851F /* App */,
				9822C21F2F7A8AD2001A9358 /* lifecare-Info.plist */,
				504EC3051FED79650016851F /* Products */,
				6E9F42B1E2C8074451E92008 /* Pods */,
				CBABA4ECB6E8AE7DC5B68AA0 /* Frameworks */,
			);
			sourceTree = "<group>";
		};
		504EC3051FED79650016851F /* Products */ = {
			isa = PBXGroup;
			children = (
				504EC3041FED79650016851F /* App slims.app */,
				9822C21E2F7A8AD1001A9358 /* App lifecare.app */,
			);
			name = Products;
			sourceTree = "<group>";
		};
		504EC3061FED79650016851F /* App */ = {
			isa = PBXGroup;
			children = (
				50379B222058CBB4000EE86E /* capacitor.config.json */,
				504EC3071FED79650016851F /* AppDelegate.swift */,
				504EC30B1FED79650016851F /* Main.storyboard */,
				504EC30E1FED79650016851F /* Assets.xcassets */,
				9822C2202F7AA53E001A9358 /* LaunchScreen-slims.storyboard */,
				9822C2232F7AA548001A9358 /* LaunchScreen-lifecare.storyboard */,
				504EC3131FED79650016851F /* slims-Info.plist */,
				2FAD9762203C412B000D30F8 /* config.xml */,
				50B271D01FEDC1A000F3C39B /* public */,
			);
			path = App;
			sourceTree = "<group>";
		};
		6E9F42B1E2C8074451E92008 /* Pods */ = {
			isa = PBXGroup;
			children = (
				B0249BDE1E2E9A28E2F18CC8 /* Pods-App lifecare.debug.xcconfig */,
				65FE5FEC7AAF372D40223AF9 /* Pods-App lifecare.release.xcconfig */,
				409A3923CDB99A4C1DEDA369 /* Pods-App slims.debug.xcconfig */,
				73437353F511BCF67C6C2F56 /* Pods-App slims.release.xcconfig */,
			);
			path = Pods;
			sourceTree = "<group>";
		};
		CBABA4ECB6E8AE7DC5B68AA0 /* Frameworks */ = {
			isa = PBXGroup;
			children = (
				084A3AF5D9A39C19F5E1809F /* Pods_App_lifecare.framework */,
				023A8628AF3F550F37349463 /* Pods_App_slims.framework */,
			);
			name = Frameworks;
			sourceTree = "<group>";
		};
/* End PBXGroup section */

/* Begin PBXNativeTarget section */
		504EC3031FED79650016851F /* App slims */ = {
			isa = PBXNativeTarget;
			buildConfigurationList = 504EC3161FED79650016851F /* Build configuration list for PBXNativeTarget "App slims" */;
			buildPhases = (
				D5E707C23BF35275DC0C18D0 /* [CP] Check Pods Manifest.lock */,
				504EC3001FED79650016851F /* Sources */,
				504EC3011FED79650016851F /* Frameworks */,
				504EC3021FED79650016851F /* Resources */,
				E27D82EDD29824EA144181BA /* [CP] Embed Pods Frameworks */,
				FBA099BE24213307CD1E6E95 /* [CP] Copy Pods Resources */,
			);
			buildRules = (
			);
			dependencies = (
			);
			name = "App slims";
			productName = App;
			productReference = 504EC3041FED79650016851F /* App slims.app */;
			productType = "com.apple.product-type.application";
		};
		9822C20D2F7A8AD1001A9358 /* App lifecare */ = {
			isa = PBXNativeTarget;
			buildConfigurationList = 9822C21B2F7A8AD1001A9358 /* Build configuration list for PBXNativeTarget "App lifecare" */;
			buildPhases = (
				DA40B6DE707CC260684D7D1C /* [CP] Check Pods Manifest.lock */,
				9822C2102F7A8AD1001A9358 /* Sources */,
				9822C2122F7A8AD1001A9358 /* Frameworks */,
				9822C2142F7A8AD1001A9358 /* Resources */,
				6A3343ABF4A3CF61A91038B5 /* [CP] Embed Pods Frameworks */,
				B84756ED8EB43315DAF3F529 /* [CP] Copy Pods Resources */,
			);
			buildRules = (
			);
			dependencies = (
			);
			name = "App lifecare";
			productName = App;
			productReference = 9822C21E2F7A8AD1001A9358 /* App lifecare.app */;
			productType = "com.apple.product-type.application";
		};
/* End PBXNativeTarget section */

/* Begin PBXProject section */
		504EC2FC1FED79650016851F /* Project object */ = {
			isa = PBXProject;
			attributes = {
				LastSwiftUpdateCheck = 0920;
				LastUpgradeCheck = 0920;
				TargetAttributes = {
					504EC3031FED79650016851F = {
						CreatedOnToolsVersion = 9.2;
						LastSwiftMigration = 1100;
						ProvisioningStyle = Automatic;
					};
					9822C20D2F7A8AD1001A9358 = {
						ProvisioningStyle = Automatic;
					};
				};
			};
			buildConfigurationList = 504EC2FF1FED79650016851F /* Build configuration list for PBXProject "App" */;
			compatibilityVersion = "Xcode 8.0";
			developmentRegion = en;
			hasScannedForEncodings = 0;
			knownRegions = (
				en,
				Base,
			);
			mainGroup = 504EC2FB1FED79650016851F;
			productRefGroup = 504EC3051FED79650016851F /* Products */;
			projectDirPath = "";
			projectRoot = "";
			targets = (
				504EC3031FED79650016851F /* App slims */,
				9822C20D2F7A8AD1001A9358 /* App lifecare */,
			);
		};
/* End PBXProject section */

/* Begin PBXResourcesBuildPhase section */
		504EC3021FED79650016851F /* Resources */ = {
			isa = PBXResourcesBuildPhase;
			buildActionMask = 2147483647;
			files = (
				50B271D11FEDC1A000F3C39B /* public in Resources */,
				9822C2222F7AA53E001A9358 /* LaunchScreen-slims.storyboard in Resources */,
				50379B232058CBB4000EE86E /* capacitor.config.json in Resources */,
				504EC30D1FED79650016851F /* Main.storyboard in Resources */,
				9822C2262F7AA638001A9358 /* Assets.xcassets in Resources */,
				2FAD9763203C412B000D30F8 /* config.xml in Resources */,
			);
			runOnlyForDeploymentPostprocessing = 0;
		};
		9822C2142F7A8AD1001A9358 /* Resources */ = {
			isa = PBXResourcesBuildPhase;
			buildActionMask = 2147483647;
			files = (
				9822C2252F7AA548001A9358 /* LaunchScreen-lifecare.storyboard in Resources */,
				9822C2162F7A8AD1001A9358 /* public in Resources */,
				9822C2182F7A8AD1001A9358 /* capacitor.config.json in Resources */,
				9822C2192F7A8AD1001A9358 /* Main.storyboard in Resources */,
				9822C2272F7AA63E001A9358 /* Assets.xcassets in Resources */,
				9822C21A2F7A8AD1001A9358 /* config.xml in Resources */,
			);
			runOnlyForDeploymentPostprocessing = 0;
		};
/* End PBXResourcesBuildPhase section */

/* Begin PBXShellScriptBuildPhase section */
		6A3343ABF4A3CF61A91038B5 /* [CP] Embed Pods Frameworks */ = {
			isa = PBXShellScriptBuildPhase;
			buildActionMask = 2147483647;
			files = (
			);
			inputPaths = (
				"${PODS_ROOT}/Target Support Files/Pods-App lifecare/Pods-App lifecare-frameworks.sh",
				"${BUILT_PRODUCTS_DIR}/Capacitor/Capacitor.framework",
				"${BUILT_PRODUCTS_DIR}/CapacitorApp/CapacitorApp.framework",
				"${BUILT_PRODUCTS_DIR}/CapacitorAppLauncher/CapacitorAppLauncher.framework",
				"${BUILT_PRODUCTS_DIR}/CapacitorCamera/CapacitorCamera.framework",
				"${BUILT_PRODUCTS_DIR}/CapacitorCommunityFileOpener/CapacitorCommunityFileOpener.framework",
				"${BUILT_PRODUCTS_DIR}/CapacitorCordova/Cordova.framework",
				"${BUILT_PRODUCTS_DIR}/CapacitorFilesystem/CapacitorFilesystem.framework",
				"${BUILT_PRODUCTS_DIR}/CapacitorGeolocation/CapacitorGeolocation.framework",
				"${BUILT_PRODUCTS_DIR}/CapacitorHaptics/CapacitorHaptics.framework",
				"${BUILT_PRODUCTS_DIR}/CapacitorInappbrowser/CapacitorInappbrowser.framework",
				"${BUILT_PRODUCTS_DIR}/CapacitorKeyboard/CapacitorKeyboard.framework",
				"${BUILT_PRODUCTS_DIR}/CapacitorPluginSafeArea/CapacitorPluginSafeArea.framework",
				"${BUILT_PRODUCTS_DIR}/CapacitorPreferences/CapacitorPreferences.framework",
				"${BUILT_PRODUCTS_DIR}/CapacitorScreenOrientation/CapacitorScreenOrientation.framework",
				"${BUILT_PRODUCTS_DIR}/CapacitorShare/CapacitorShare.framework",
				"${BUILT_PRODUCTS_DIR}/CapacitorStatusBar/CapacitorStatusBar.framework",
				"${BUILT_PRODUCTS_DIR}/CapawesomeCapacitorFilePicker/CapawesomeCapacitorFilePicker.framework",
				"${BUILT_PRODUCTS_DIR}/DroponioCapacitorCallNumber/DroponioCapacitorCallNumber.framework",
				"${PODS_XCFRAMEWORKS_BUILD_DIR}/IONFilesystemLib/IONFilesystemLib.framework/IONFilesystemLib",
				"${PODS_XCFRAMEWORKS_BUILD_DIR}/IONGeolocationLib/IONGeolocationLib.framework/IONGeolocationLib",
				"${PODS_XCFRAMEWORKS_BUILD_DIR}/OSInAppBrowserLib/OSInAppBrowserLib.framework/OSInAppBrowserLib",
			);
			name = "[CP] Embed Pods Frameworks";
			outputPaths = (
				"${TARGET_BUILD_DIR}/${FRAMEWORKS_FOLDER_PATH}/Capacitor.framework",
				"${TARGET_BUILD_DIR}/${FRAMEWORKS_FOLDER_PATH}/CapacitorApp.framework",
				"${TARGET_BUILD_DIR}/${FRAMEWORKS_FOLDER_PATH}/CapacitorAppLauncher.framework",
				"${TARGET_BUILD_DIR}/${FRAMEWORKS_FOLDER_PATH}/CapacitorCamera.framework",
				"${TARGET_BUILD_DIR}/${FRAMEWORKS_FOLDER_PATH}/CapacitorCommunityFileOpener.framework",
				"${TARGET_BUILD_DIR}/${FRAMEWORKS_FOLDER_PATH}/Cordova.framework",
				"${TARGET_BUILD_DIR}/${FRAMEWORKS_FOLDER_PATH}/CapacitorFilesystem.framework",
				"${TARGET_BUILD_DIR}/${FRAMEWORKS_FOLDER_PATH}/CapacitorGeolocation.framework",
				"${TARGET_BUILD_DIR}/${FRAMEWORKS_FOLDER_PATH}/CapacitorHaptics.framework",
				"${TARGET_BUILD_DIR}/${FRAMEWORKS_FOLDER_PATH}/CapacitorInappbrowser.framework",
				"${TARGET_BUILD_DIR}/${FRAMEWORKS_FOLDER_PATH}/CapacitorKeyboard.framework",
				"${TARGET_BUILD_DIR}/${FRAMEWORKS_FOLDER_PATH}/CapacitorPluginSafeArea.framework",
				"${TARGET_BUILD_DIR}/${FRAMEWORKS_FOLDER_PATH}/CapacitorPreferences.framework",
				"${TARGET_BUILD_DIR}/${FRAMEWORKS_FOLDER_PATH}/CapacitorScreenOrientation.framework",
				"${TARGET_BUILD_DIR}/${FRAMEWORKS_FOLDER_PATH}/CapacitorShare.framework",
				"${TARGET_BUILD_DIR}/${FRAMEWORKS_FOLDER_PATH}/CapacitorStatusBar.framework",
				"${TARGET_BUILD_DIR}/${FRAMEWORKS_FOLDER_PATH}/CapawesomeCapacitorFilePicker.framework",
				"${TARGET_BUILD_DIR}/${FRAMEWORKS_FOLDER_PATH}/DroponioCapacitorCallNumber.framework",
				"${TARGET_BUILD_DIR}/${FRAMEWORKS_FOLDER_PATH}/IONFilesystemLib.framework",
				"${TARGET_BUILD_DIR}/${FRAMEWORKS_FOLDER_PATH}/IONGeolocationLib.framework",
				"${TARGET_BUILD_DIR}/${FRAMEWORKS_FOLDER_PATH}/OSInAppBrowserLib.framework",
			);
			runOnlyForDeploymentPostprocessing = 0;
			shellPath = /bin/sh;
			shellScript = "\"${PODS_ROOT}/Target Support Files/Pods-App lifecare/Pods-App lifecare-frameworks.sh\"\n";
			showEnvVarsInLog = 0;
		};
		B84756ED8EB43315DAF3F529 /* [CP] Copy Pods Resources */ = {
			isa = PBXShellScriptBuildPhase;
			buildActionMask = 2147483647;
			files = (
			);
			inputPaths = (
				"${PODS_ROOT}/Target Support Files/Pods-App lifecare/Pods-App lifecare-resources.sh",
				"${PODS_CONFIGURATION_BUILD_DIR}/GoogleMaps/GoogleMapsResources.bundle",
			);
			name = "[CP] Copy Pods Resources";
			outputPaths = (
				"${TARGET_BUILD_DIR}/${UNLOCALIZED_RESOURCES_FOLDER_PATH}/GoogleMapsResources.bundle",
			);
			runOnlyForDeploymentPostprocessing = 0;
			shellPath = /bin/sh;
			shellScript = "\"${PODS_ROOT}/Target Support Files/Pods-App lifecare/Pods-App lifecare-resources.sh\"\n";
			showEnvVarsInLog = 0;
		};
		D5E707C23BF35275DC0C18D0 /* [CP] Check Pods Manifest.lock */ = {
			isa = PBXShellScriptBuildPhase;
			buildActionMask = 2147483647;
			files = (
			);
			inputFileListPaths = (
			);
			inputPaths = (
				"${PODS_PODFILE_DIR_PATH}/Podfile.lock",
				"${PODS_ROOT}/Manifest.lock",
			);
			name = "[CP] Check Pods Manifest.lock";
			outputFileListPaths = (
			);
			outputPaths = (
				"$(DERIVED_FILE_DIR)/Pods-App slims-checkManifestLockResult.txt",
			);
			runOnlyForDeploymentPostprocessing = 0;
			shellPath = /bin/sh;
			shellScript = "diff \"${PODS_PODFILE_DIR_PATH}/Podfile.lock\" \"${PODS_ROOT}/Manifest.lock\" > /dev/null\nif [ $? != 0 ] ; then\n    # print error to STDERR\n    echo \"error: The sandbox is not in sync with the Podfile.lock. Run 'pod install' or update your CocoaPods installation.\" >&2\n    exit 1\nfi\n# This output is used by Xcode 'outputs' to avoid re-running this script phase.\necho \"SUCCESS\" > \"${SCRIPT_OUTPUT_FILE_0}\"\n";
			showEnvVarsInLog = 0;
		};
		DA40B6DE707CC260684D7D1C /* [CP] Check Pods Manifest.lock */ = {
			isa = PBXShellScriptBuildPhase;
			buildActionMask = 2147483647;
			files = (
			);
			inputFileListPaths = (
			);
			inputPaths = (
				"${PODS_PODFILE_DIR_PATH}/Podfile.lock",
				"${PODS_ROOT}/Manifest.lock",
			);
			name = "[CP] Check Pods Manifest.lock";
			outputFileListPaths = (
			);
			outputPaths = (
				"$(DERIVED_FILE_DIR)/Pods-App lifecare-checkManifestLockResult.txt",
			);
			runOnlyForDeploymentPostprocessing = 0;
			shellPath = /bin/sh;
			shellScript = "diff \"${PODS_PODFILE_DIR_PATH}/Podfile.lock\" \"${PODS_ROOT}/Manifest.lock\" > /dev/null\nif [ $? != 0 ] ; then\n    # print error to STDERR\n    echo \"error: The sandbox is not in sync with the Podfile.lock. Run 'pod install' or update your CocoaPods installation.\" >&2\n    exit 1\nfi\n# This output is used by Xcode 'outputs' to avoid re-running this script phase.\necho \"SUCCESS\" > \"${SCRIPT_OUTPUT_FILE_0}\"\n";
			showEnvVarsInLog = 0;
		};
		E27D82EDD29824EA144181BA /* [CP] Embed Pods Frameworks */ = {
			isa = PBXShellScriptBuildPhase;
			buildActionMask = 2147483647;
			files = (
			);
			inputPaths = (
				"${PODS_ROOT}/Target Support Files/Pods-App slims/Pods-App slims-frameworks.sh",
				"${BUILT_PRODUCTS_DIR}/Capacitor/Capacitor.framework",
				"${BUILT_PRODUCTS_DIR}/CapacitorApp/CapacitorApp.framework",
				"${BUILT_PRODUCTS_DIR}/CapacitorAppLauncher/CapacitorAppLauncher.framework",
				"${BUILT_PRODUCTS_DIR}/CapacitorCamera/CapacitorCamera.framework",
				"${BUILT_PRODUCTS_DIR}/CapacitorCommunityFileOpener/CapacitorCommunityFileOpener.framework",
				"${BUILT_PRODUCTS_DIR}/CapacitorCordova/Cordova.framework",
				"${BUILT_PRODUCTS_DIR}/CapacitorFilesystem/CapacitorFilesystem.framework",
				"${BUILT_PRODUCTS_DIR}/CapacitorGeolocation/CapacitorGeolocation.framework",
				"${BUILT_PRODUCTS_DIR}/CapacitorHaptics/CapacitorHaptics.framework",
				"${BUILT_PRODUCTS_DIR}/CapacitorInappbrowser/CapacitorInappbrowser.framework",
				"${BUILT_PRODUCTS_DIR}/CapacitorKeyboard/CapacitorKeyboard.framework",
				"${BUILT_PRODUCTS_DIR}/CapacitorPluginSafeArea/CapacitorPluginSafeArea.framework",
				"${BUILT_PRODUCTS_DIR}/CapacitorPreferences/CapacitorPreferences.framework",
				"${BUILT_PRODUCTS_DIR}/CapacitorScreenOrientation/CapacitorScreenOrientation.framework",
				"${BUILT_PRODUCTS_DIR}/CapacitorShare/CapacitorShare.framework",
				"${BUILT_PRODUCTS_DIR}/CapacitorStatusBar/CapacitorStatusBar.framework",
				"${BUILT_PRODUCTS_DIR}/CapawesomeCapacitorFilePicker/CapawesomeCapacitorFilePicker.framework",
				"${BUILT_PRODUCTS_DIR}/DroponioCapacitorCallNumber/DroponioCapacitorCallNumber.framework",
				"${PODS_XCFRAMEWORKS_BUILD_DIR}/IONFilesystemLib/IONFilesystemLib.framework/IONFilesystemLib",
				"${PODS_XCFRAMEWORKS_BUILD_DIR}/IONGeolocationLib/IONGeolocationLib.framework/IONGeolocationLib",
				"${PODS_XCFRAMEWORKS_BUILD_DIR}/OSInAppBrowserLib/OSInAppBrowserLib.framework/OSInAppBrowserLib",
			);
			name = "[CP] Embed Pods Frameworks";
			outputPaths = (
				"${TARGET_BUILD_DIR}/${FRAMEWORKS_FOLDER_PATH}/Capacitor.framework",
				"${TARGET_BUILD_DIR}/${FRAMEWORKS_FOLDER_PATH}/CapacitorApp.framework",
				"${TARGET_BUILD_DIR}/${FRAMEWORKS_FOLDER_PATH}/CapacitorAppLauncher.framework",
				"${TARGET_BUILD_DIR}/${FRAMEWORKS_FOLDER_PATH}/CapacitorCamera.framework",
				"${TARGET_BUILD_DIR}/${FRAMEWORKS_FOLDER_PATH}/CapacitorCommunityFileOpener.framework",
				"${TARGET_BUILD_DIR}/${FRAMEWORKS_FOLDER_PATH}/Cordova.framework",
				"${TARGET_BUILD_DIR}/${FRAMEWORKS_FOLDER_PATH}/CapacitorFilesystem.framework",
				"${TARGET_BUILD_DIR}/${FRAMEWORKS_FOLDER_PATH}/CapacitorGeolocation.framework",
				"${TARGET_BUILD_DIR}/${FRAMEWORKS_FOLDER_PATH}/CapacitorHaptics.framework",
				"${TARGET_BUILD_DIR}/${FRAMEWORKS_FOLDER_PATH}/CapacitorInappbrowser.framework",
				"${TARGET_BUILD_DIR}/${FRAMEWORKS_FOLDER_PATH}/CapacitorKeyboard.framework",
				"${TARGET_BUILD_DIR}/${FRAMEWORKS_FOLDER_PATH}/CapacitorPluginSafeArea.framework",
				"${TARGET_BUILD_DIR}/${FRAMEWORKS_FOLDER_PATH}/CapacitorPreferences.framework",
				"${TARGET_BUILD_DIR}/${FRAMEWORKS_FOLDER_PATH}/CapacitorScreenOrientation.framework",
				"${TARGET_BUILD_DIR}/${FRAMEWORKS_FOLDER_PATH}/CapacitorShare.framework",
				"${TARGET_BUILD_DIR}/${FRAMEWORKS_FOLDER_PATH}/CapacitorStatusBar.framework",
				"${TARGET_BUILD_DIR}/${FRAMEWORKS_FOLDER_PATH}/CapawesomeCapacitorFilePicker.framework",
				"${TARGET_BUILD_DIR}/${FRAMEWORKS_FOLDER_PATH}/DroponioCapacitorCallNumber.framework",
				"${TARGET_BUILD_DIR}/${FRAMEWORKS_FOLDER_PATH}/IONFilesystemLib.framework",
				"${TARGET_BUILD_DIR}/${FRAMEWORKS_FOLDER_PATH}/IONGeolocationLib.framework",
				"${TARGET_BUILD_DIR}/${FRAMEWORKS_FOLDER_PATH}/OSInAppBrowserLib.framework",
			);
			runOnlyForDeploymentPostprocessing = 0;
			shellPath = /bin/sh;
			shellScript = "\"${PODS_ROOT}/Target Support Files/Pods-App slims/Pods-App slims-frameworks.sh\"\n";
			showEnvVarsInLog = 0;
		};
		FBA099BE24213307CD1E6E95 /* [CP] Copy Pods Resources */ = {
			isa = PBXShellScriptBuildPhase;
			buildActionMask = 2147483647;
			files = (
			);
			inputPaths = (
				"${PODS_ROOT}/Target Support Files/Pods-App slims/Pods-App slims-resources.sh",
				"${PODS_CONFIGURATION_BUILD_DIR}/GoogleMaps/GoogleMapsResources.bundle",
			);
			name = "[CP] Copy Pods Resources";
			outputPaths = (
				"${TARGET_BUILD_DIR}/${UNLOCALIZED_RESOURCES_FOLDER_PATH}/GoogleMapsResources.bundle",
			);
			runOnlyForDeploymentPostprocessing = 0;
			shellPath = /bin/sh;
			shellScript = "\"${PODS_ROOT}/Target Support Files/Pods-App slims/Pods-App slims-resources.sh\"\n";
			showEnvVarsInLog = 0;
		};
/* End PBXShellScriptBuildPhase section */

/* Begin PBXSourcesBuildPhase section */
		504EC3001FED79650016851F /* Sources */ = {
			isa = PBXSourcesBuildPhase;
			buildActionMask = 2147483647;
			files = (
				504EC3081FED79650016851F /* AppDelegate.swift in Sources */,
			);
			runOnlyForDeploymentPostprocessing = 0;
		};
		9822C2102F7A8AD1001A9358 /* Sources */ = {
			isa = PBXSourcesBuildPhase;
			buildActionMask = 2147483647;
			files = (
				9822C2112F7A8AD1001A9358 /* AppDelegate.swift in Sources */,
			);
			runOnlyForDeploymentPostprocessing = 0;
		};
/* End PBXSourcesBuildPhase section */

/* Begin PBXVariantGroup section */
		504EC30B1FED79650016851F /* Main.storyboard */ = {
			isa = PBXVariantGroup;
			children = (
				504EC30C1FED79650016851F /* Base */,
			);
			name = Main.storyboard;
			sourceTree = "<group>";
		};
		9822C2202F7AA53E001A9358 /* LaunchScreen-slims.storyboard */ = {
			isa = PBXVariantGroup;
			children = (
				9822C2212F7AA53E001A9358 /* Base */,
			);
			name = "LaunchScreen-slims.storyboard";
			sourceTree = "<group>";
		};
		9822C2232F7AA548001A9358 /* LaunchScreen-lifecare.storyboard */ = {
			isa = PBXVariantGroup;
			children = (
				9822C2242F7AA548001A9358 /* Base */,
			);
			name = "LaunchScreen-lifecare.storyboard";
			sourceTree = "<group>";
		};
/* End PBXVariantGroup section */

/* Begin XCBuildConfiguration section */
		504EC3141FED79650016851F /* Debug */ = {
			isa = XCBuildConfiguration;
			buildSettings = {
				ALWAYS_SEARCH_USER_PATHS = NO;
				CLANG_ANALYZER_NONNULL = YES;
				CLANG_ANALYZER_NUMBER_OBJECT_CONVERSION = YES_AGGRESSIVE;
				CLANG_CXX_LANGUAGE_STANDARD = "gnu++14";
				CLANG_CXX_LIBRARY = "libc++";
				CLANG_ENABLE_MODULES = YES;
				CLANG_ENABLE_OBJC_ARC = YES;
				CLANG_WARN_BLOCK_CAPTURE_AUTORELEASING = YES;
				CLANG_WARN_BOOL_CONVERSION = YES;
				CLANG_WARN_COMMA = YES;
				CLANG_WARN_CONSTANT_CONVERSION = YES;
				CLANG_WARN_DIRECT_OBJC_ISA_USAGE = YES_ERROR;
				CLANG_WARN_DOCUMENTATION_COMMENTS = YES;
				CLANG_WARN_EMPTY_BODY = YES;
				CLANG_WARN_ENUM_CONVERSION = YES;
				CLANG_WARN_INFINITE_RECURSION = YES;
				CLANG_WARN_INT_CONVERSION = YES;
				CLANG_WARN_NON_LITERAL_NULL_CONVERSION = YES;
				CLANG_WARN_OBJC_LITERAL_CONVERSION = YES;
				CLANG_WARN_OBJC_ROOT_CLASS = YES_ERROR;
				CLANG_WARN_RANGE_LOOP_ANALYSIS = YES;
				CLANG_WARN_STRICT_PROTOTYPES = YES;
				CLANG_WARN_SUSPICIOUS_MOVE = YES;
				CLANG_WARN_UNGUARDED_AVAILABILITY = YES_AGGRESSIVE;
				CLANG_WARN_UNREACHABLE_CODE = YES;
				CLANG_WARN__DUPLICATE_METHOD_MATCH = YES;
				CODE_SIGN_IDENTITY = "iPhone Developer";
				COPY_PHASE_STRIP = NO;
				DEBUG_INFORMATION_FORMAT = dwarf;
				ENABLE_STRICT_OBJC_MSGSEND = YES;
				ENABLE_TESTABILITY = YES;
				GCC_C_LANGUAGE_STANDARD = gnu11;
				GCC_DYNAMIC_NO_PIC = NO;
				GCC_NO_COMMON_BLOCKS = YES;
				GCC_OPTIMIZATION_LEVEL = 0;
				GCC_PREPROCESSOR_DEFINITIONS = (
					"DEBUG=1",
					"$(inherited)",
				);
				GCC_WARN_64_TO_32_BIT_CONVERSION = YES;
				GCC_WARN_ABOUT_RETURN_TYPE = YES_ERROR;
				GCC_WARN_UNDECLARED_SELECTOR = YES;
				GCC_WARN_UNINITIALIZED_AUTOS = YES_AGGRESSIVE;
				GCC_WARN_UNUSED_FUNCTION = YES;
				GCC_WARN_UNUSED_VARIABLE = YES;
				IPHONEOS_DEPLOYMENT_TARGET = 15.0;
				MTL_ENABLE_DEBUG_INFO = YES;
				ONLY_ACTIVE_ARCH = YES;
				SDKROOT = iphoneos;
				SWIFT_ACTIVE_COMPILATION_CONDITIONS = DEBUG;
				SWIFT_OPTIMIZATION_LEVEL = "-Onone";
			};
			name = Debug;
		};
		504EC3151FED79650016851F /* Release */ = {
			isa = XCBuildConfiguration;
			buildSettings = {
				ALWAYS_SEARCH_USER_PATHS = NO;
				CLANG_ANALYZER_NONNULL = YES;
				CLANG_ANALYZER_NUMBER_OBJECT_CONVERSION = YES_AGGRESSIVE;
				CLANG_CXX_LANGUAGE_STANDARD = "gnu++14";
				CLANG_CXX_LIBRARY = "libc++";
				CLANG_ENABLE_MODULES = YES;
				CLANG_ENABLE_OBJC_ARC = YES;
				CLANG_WARN_BLOCK_CAPTURE_AUTORELEASING = YES;
				CLANG_WARN_BOOL_CONVERSION = YES;
				CLANG_WARN_COMMA = YES;
				CLANG_WARN_CONSTANT_CONVERSION = YES;
				CLANG_WARN_DIRECT_OBJC_ISA_USAGE = YES_ERROR;
				CLANG_WARN_DOCUMENTATION_COMMENTS = YES;
				CLANG_WARN_EMPTY_BODY = YES;
				CLANG_WARN_ENUM_CONVERSION = YES;
				CLANG_WARN_INFINITE_RECURSION = YES;
				CLANG_WARN_INT_CONVERSION = YES;
				CLANG_WARN_NON_LITERAL_NULL_CONVERSION = YES;
				CLANG_WARN_OBJC_LITERAL_CONVERSION = YES;
				CLANG_WARN_OBJC_ROOT_CLASS = YES_ERROR;
				CLANG_WARN_RANGE_LOOP_ANALYSIS = YES;
				CLANG_WARN_STRICT_PROTOTYPES = YES;
				CLANG_WARN_SUSPICIOUS_MOVE = YES;
				CLANG_WARN_UNGUARDED_AVAILABILITY = YES_AGGRESSIVE;
				CLANG_WARN_UNREACHABLE_CODE = YES;
				CLANG_WARN__DUPLICATE_METHOD_MATCH = YES;
				CODE_SIGN_IDENTITY = "iPhone Developer";
				COPY_PHASE_STRIP = NO;
				DEBUG_INFORMATION_FORMAT = "dwarf-with-dsym";
				ENABLE_NS_ASSERTIONS = NO;
				ENABLE_STRICT_OBJC_MSGSEND = YES;
				GCC_C_LANGUAGE_STANDARD = gnu11;
				GCC_NO_COMMON_BLOCKS = YES;
				GCC_WARN_64_TO_32_BIT_CONVERSION = YES;
				GCC_WARN_ABOUT_RETURN_TYPE = YES_ERROR;
				GCC_WARN_UNDECLARED_SELECTOR = YES;
				GCC_WARN_UNINITIALIZED_AUTOS = YES_AGGRESSIVE;
				GCC_WARN_UNUSED_FUNCTION = YES;
				GCC_WARN_UNUSED_VARIABLE = YES;
				IPHONEOS_DEPLOYMENT_TARGET = 15.0;
				MTL_ENABLE_DEBUG_INFO = NO;
				SDKROOT = iphoneos;
				SWIFT_OPTIMIZATION_LEVEL = "-Owholemodule";
				VALIDATE_PRODUCT = YES;
			};
			name = Release;
		};
		504EC3171FED79650016851F /* Debug */ = {
			isa = XCBuildConfiguration;
			baseConfigurationReference = 409A3923CDB99A4C1DEDA369 /* Pods-App slims.debug.xcconfig */;
			buildSettings = {
				ASSETCATALOG_COMPILER_APPICON_NAME = "AppIcon-slims";
				ASSETCATALOG_COMPILER_INCLUDE_ALL_APPICON_ASSETS = NO;
				CODE_SIGN_STYLE = Automatic;
				CURRENT_PROJECT_VERSION = 3;
				DEVELOPMENT_TEAM = M5NKFW9GPR;
				INFOPLIST_FILE = "App/slims-Info.plist";
				INFOPLIST_KEY_CFBundleDisplayName = "Slims Connect";
				INFOPLIST_KEY_LSApplicationCategoryType = "public.app-category.medical";
				IPHONEOS_DEPLOYMENT_TARGET = 15.0;
				LD_RUNPATH_SEARCH_PATHS = "$(inherited) @executable_path/Frameworks";
				MARKETING_VERSION = 1.0.7;
				OTHER_SWIFT_FLAGS = "$(inherited) \"-D\" \"COCOAPODS\" \"-DDEBUG\"";
				PRODUCT_BUNDLE_IDENTIFIER = com.app.sufalam.patient_app_slims;
				PRODUCT_NAME = "$(TARGET_NAME)";
				SUPPORTED_PLATFORMS = "iphoneos iphonesimulator";
				SUPPORTS_MACCATALYST = NO;
				SUPPORTS_MAC_DESIGNED_FOR_IPHONE_IPAD = NO;
				SUPPORTS_XR_DESIGNED_FOR_IPHONE_IPAD = NO;
				SWIFT_ACTIVE_COMPILATION_CONDITIONS = DEBUG;
				SWIFT_VERSION = 5.0;
				TARGETED_DEVICE_FAMILY = "1,2";
			};
			name = Debug;
		};
		504EC3181FED79650016851F /* Release */ = {
			isa = XCBuildConfiguration;
			baseConfigurationReference = 73437353F511BCF67C6C2F56 /* Pods-App slims.release.xcconfig */;
			buildSettings = {
				ASSETCATALOG_COMPILER_APPICON_NAME = "AppIcon-slims";
				ASSETCATALOG_COMPILER_INCLUDE_ALL_APPICON_ASSETS = NO;
				CODE_SIGN_STYLE = Automatic;
				CURRENT_PROJECT_VERSION = 3;
				DEVELOPMENT_TEAM = M5NKFW9GPR;
				INFOPLIST_FILE = "App/slims-Info.plist";
				INFOPLIST_KEY_CFBundleDisplayName = "Slims Connect";
				INFOPLIST_KEY_LSApplicationCategoryType = "public.app-category.medical";
				IPHONEOS_DEPLOYMENT_TARGET = 15.0;
				LD_RUNPATH_SEARCH_PATHS = "$(inherited) @executable_path/Frameworks";
				MARKETING_VERSION = 1.0.7;
				PRODUCT_BUNDLE_IDENTIFIER = com.app.sufalam.patient_app_slims;
				PRODUCT_NAME = "$(TARGET_NAME)";
				SUPPORTED_PLATFORMS = "iphoneos iphonesimulator";
				SUPPORTS_MACCATALYST = NO;
				SUPPORTS_MAC_DESIGNED_FOR_IPHONE_IPAD = NO;
				SUPPORTS_XR_DESIGNED_FOR_IPHONE_IPAD = NO;
				SWIFT_ACTIVE_COMPILATION_CONDITIONS = "";
				SWIFT_VERSION = 5.0;
				TARGETED_DEVICE_FAMILY = "1,2";
			};
			name = Release;
		};
		9822C21C2F7A8AD1001A9358 /* Debug */ = {
			isa = XCBuildConfiguration;
			baseConfigurationReference = B0249BDE1E2E9A28E2F18CC8 /* Pods-App lifecare.debug.xcconfig */;
			buildSettings = {
				ASSETCATALOG_COMPILER_APPICON_NAME = "AppIcon-lifecare";
				CODE_SIGN_STYLE = Automatic;
				CURRENT_PROJECT_VERSION = 3;
				DEVELOPMENT_TEAM = M5NKFW9GPR;
				INFOPLIST_FILE = "lifecare-Info.plist";
				INFOPLIST_KEY_CFBundleDisplayName = "Lifecare Connect";
				INFOPLIST_KEY_LSApplicationCategoryType = "public.app-category.medical";
				IPHONEOS_DEPLOYMENT_TARGET = 15.0;
				LD_RUNPATH_SEARCH_PATHS = "$(inherited) @executable_path/Frameworks";
				MARKETING_VERSION = 1.0.7;
				OTHER_SWIFT_FLAGS = "$(inherited) \"-D\" \"COCOAPODS\" \"-DDEBUG\"";
				PRODUCT_BUNDLE_IDENTIFIER = "com.app.sufalam.patient-app-lifecare";
				PRODUCT_NAME = "$(TARGET_NAME)";
				SUPPORTED_PLATFORMS = "iphoneos iphonesimulator";
				SUPPORTS_MACCATALYST = NO;
				SUPPORTS_MAC_DESIGNED_FOR_IPHONE_IPAD = NO;
				SUPPORTS_XR_DESIGNED_FOR_IPHONE_IPAD = NO;
				SWIFT_ACTIVE_COMPILATION_CONDITIONS = DEBUG;
				SWIFT_VERSION = 5.0;
				TARGETED_DEVICE_FAMILY = "1,2";
			};
			name = Debug;
		};
		9822C21D2F7A8AD1001A9358 /* Release */ = {
			isa = XCBuildConfiguration;
			baseConfigurationReference = 65FE5FEC7AAF372D40223AF9 /* Pods-App lifecare.release.xcconfig */;
			buildSettings = {
				ASSETCATALOG_COMPILER_APPICON_NAME = "AppIcon-lifecare";
				CODE_SIGN_STYLE = Automatic;
				CURRENT_PROJECT_VERSION = 3;
				DEVELOPMENT_TEAM = M5NKFW9GPR;
				INFOPLIST_FILE = "lifecare-Info.plist";
				INFOPLIST_KEY_CFBundleDisplayName = "Lifecare Connect";
				INFOPLIST_KEY_LSApplicationCategoryType = "public.app-category.medical";
				IPHONEOS_DEPLOYMENT_TARGET = 15.0;
				LD_RUNPATH_SEARCH_PATHS = "$(inherited) @executable_path/Frameworks";
				MARKETING_VERSION = 1.0.7;
				PRODUCT_BUNDLE_IDENTIFIER = "com.app.sufalam.patient-app-lifecare";
				PRODUCT_NAME = "$(TARGET_NAME)";
				SUPPORTED_PLATFORMS = "iphoneos iphonesimulator";
				SUPPORTS_MACCATALYST = NO;
				SUPPORTS_MAC_DESIGNED_FOR_IPHONE_IPAD = NO;
				SUPPORTS_XR_DESIGNED_FOR_IPHONE_IPAD = NO;
				SWIFT_ACTIVE_COMPILATION_CONDITIONS = "";
				SWIFT_VERSION = 5.0;
				TARGETED_DEVICE_FAMILY = "1,2";
			};
			name = Release;
		};
/* End XCBuildConfiguration section */

/* Begin XCConfigurationList section */
		504EC2FF1FED79650016851F /* Build configuration list for PBXProject "App" */ = {
			isa = XCConfigurationList;
			buildConfigurations = (
				504EC3141FED79650016851F /* Debug */,
				504EC3151FED79650016851F /* Release */,
			);
			defaultConfigurationIsVisible = 0;
			defaultConfigurationName = Release;
		};
		504EC3161FED79650016851F /* Build configuration list for PBXNativeTarget "App slims" */ = {
			isa = XCConfigurationList;
			buildConfigurations = (
				504EC3171FED79650016851F /* Debug */,
				504EC3181FED79650016851F /* Release */,
			);
			defaultConfigurationIsVisible = 0;
			defaultConfigurationName = Release;
		};
		9822C21B2F7A8AD1001A9358 /* Build configuration list for PBXNativeTarget "App lifecare" */ = {
			isa = XCConfigurationList;
			buildConfigurations = (
				9822C21C2F7A8AD1001A9358 /* Debug */,
				9822C21D2F7A8AD1001A9358 /* Release */,
			);
			defaultConfigurationIsVisible = 0;
			defaultConfigurationName = Release;
		};
/* End XCConfigurationList section */
	};
	rootObject = 504EC2FC1FED79650016851F /* Project object */;
}
