PODS:
  - Capacitor (8.1.0):
    - CapacitorCordova
  - CapacitorApp (8.0.1):
    - Capacitor
  - CapacitorAppLauncher (8.0.1):
    - Capacitor
  - CapacitorCommunityFileOpener (8.0.0):
    - Capacitor
  - CapacitorCordova (8.1.0)
  - CapacitorFilesystem (8.1.2):
    - Capacitor
    - IONFilesystemLib (~> 1.1.1)
  - CapacitorGeolocation (8.1.0):
    - Capacitor
    - IONGeolocationLib (= 2.0.0)
  - CapacitorGoogleMaps (8.0.1):
    - Capacitor
    - Google-Maps-iOS-Utils (= 6.1.0)
    - GoogleMaps (~> 9.4)
  - CapacitorHaptics (8.0.0):
    - Capacitor
  - CapacitorInappbrowser (3.0.2):
    - Capacitor
    - OSInAppBrowserLib (~> 2.3.1)
  - CapacitorKeyboard (8.0.0):
    - Capacitor
  - CapacitorPluginSafeArea (5.0.0):
    - Capacitor
  - CapacitorPreferences (8.0.0):
    - Capacitor
  - CapacitorScreenOrientation (8.0.1):
    - Capacitor
  - CapacitorShare (8.0.1):
    - Capacitor
  - CapacitorStatusBar (8.0.1):
    - Capacitor
  - CapawesomeCapacitorFilePicker (8.0.1):
    - Capacitor
  - DroponioCapacitorCallNumber (3.0.0):
    - Capacitor
  - Google-Maps-iOS-Utils (6.1.0):
    - GoogleMaps (~> 9.0)
  - GoogleMaps (9.4.0):
    - GoogleMaps/Maps (= 9.4.0)
  - GoogleMaps/Maps (9.4.0)
  - IONFilesystemLib (1.1.2)
  - IONGeolocationLib (2.0.0)
  - OSInAppBrowserLib (2.3.1)

DEPENDENCIES:
  - "Capacitor (from `../../node_modules/@capacitor/ios`)"
  - "CapacitorApp (from `../../node_modules/@capacitor/app`)"
  - "CapacitorAppLauncher (from `../../node_modules/@capacitor/app-launcher`)"
  - "CapacitorCommunityFileOpener (from `../../node_modules/@capacitor-community/file-opener`)"
  - "CapacitorCordova (from `../../node_modules/@capacitor/ios`)"
  - "CapacitorFilesystem (from `../../node_modules/@capacitor/filesystem`)"
  - "CapacitorGeolocation (from `../../node_modules/@capacitor/geolocation`)"
  - "CapacitorGoogleMaps (from `../../node_modules/@capacitor/google-maps`)"
  - "CapacitorHaptics (from `../../node_modules/@capacitor/haptics`)"
  - "CapacitorInappbrowser (from `../../node_modules/@capacitor/inappbrowser`)"
  - "CapacitorKeyboard (from `../../node_modules/@capacitor/keyboard`)"
  - CapacitorPluginSafeArea (from `../../node_modules/capacitor-plugin-safe-area`)
  - "CapacitorPreferences (from `../../node_modules/@capacitor/preferences`)"
  - "CapacitorScreenOrientation (from `../../node_modules/@capacitor/screen-orientation`)"
  - "CapacitorShare (from `../../node_modules/@capacitor/share`)"
  - "CapacitorStatusBar (from `../../node_modules/@capacitor/status-bar`)"
  - "CapawesomeCapacitorFilePicker (from `../../node_modules/@capawesome/capacitor-file-picker`)"
  - "DroponioCapacitorCallNumber (from `../../node_modules/@droponio/capacitor-call-number`)"

SPEC REPOS:
  trunk:
    - Google-Maps-iOS-Utils
    - GoogleMaps
    - IONFilesystemLib
    - IONGeolocationLib
    - OSInAppBrowserLib

EXTERNAL SOURCES:
  Capacitor:
    :path: "../../node_modules/@capacitor/ios"
  CapacitorApp:
    :path: "../../node_modules/@capacitor/app"
  CapacitorAppLauncher:
    :path: "../../node_modules/@capacitor/app-launcher"
  CapacitorCommunityFileOpener:
    :path: "../../node_modules/@capacitor-community/file-opener"
  CapacitorCordova:
    :path: "../../node_modules/@capacitor/ios"
  CapacitorFilesystem:
    :path: "../../node_modules/@capacitor/filesystem"
  CapacitorGeolocation:
    :path: "../../node_modules/@capacitor/geolocation"
  CapacitorGoogleMaps:
    :path: "../../node_modules/@capacitor/google-maps"
  CapacitorHaptics:
    :path: "../../node_modules/@capacitor/haptics"
  CapacitorInappbrowser:
    :path: "../../node_modules/@capacitor/inappbrowser"
  CapacitorKeyboard:
    :path: "../../node_modules/@capacitor/keyboard"
  CapacitorPluginSafeArea:
    :path: "../../node_modules/capacitor-plugin-safe-area"
  CapacitorPreferences:
    :path: "../../node_modules/@capacitor/preferences"
  CapacitorScreenOrientation:
    :path: "../../node_modules/@capacitor/screen-orientation"
  CapacitorShare:
    :path: "../../node_modules/@capacitor/share"
  CapacitorStatusBar:
    :path: "../../node_modules/@capacitor/status-bar"
  CapawesomeCapacitorFilePicker:
    :path: "../../node_modules/@capawesome/capacitor-file-picker"
  DroponioCapacitorCallNumber:
    :path: "../../node_modules/@droponio/capacitor-call-number"

SPEC CHECKSUMS:
  Capacitor: 47b825120c6b8b6d6f9f053e9350a8960d436710
  CapacitorApp: 942306cd1acf7774a00e89a3986af3a67c8cad7a
  CapacitorAppLauncher: 43949ccc5aaa5139a1ebe27a98c0a4d76c883fa7
  CapacitorCommunityFileOpener: 66cdeac0ff2670dbeb08bc293aba76eb6da80f7a
  CapacitorCordova: e8b76fd95fc1e157775abc484c59cc0de464095d
  CapacitorFilesystem: 2db285a1ac6e475cc27cae2e1bea999000f9e2be
  CapacitorGeolocation: 7132de914f9d853ec4642dc1d36e4e2018a4e8a8
  CapacitorGoogleMaps: 33b110f185f8bddaac473d6639c785fdb4d8923c
  CapacitorHaptics: 2079d9fa04c5a71e18663b4722323c304c58245c
  CapacitorInappbrowser: fb46fb96a23af9a62b0c4d0750d3466ccf11f31d
  CapacitorKeyboard: d7868c079a4d5277a3deca27a10a488fcbbb8b69
  CapacitorPluginSafeArea: 9d0682951c011bf0b36e513a89103c5fbff7ac49
  CapacitorPreferences: 443fabe9670226200e595658a87ef0b1566716d4
  CapacitorScreenOrientation: 6c3c84223ea1dd44aaa7184e2b416dd1192270d0
  CapacitorShare: 0c58305114538568059bfc07111f22dcb9cb2a82
  CapacitorStatusBar: 32206abd53b14f339763da26f71286deaa891e16
  CapawesomeCapacitorFilePicker: cbd96b593d2bfdceb353ed161f9462ce4a9d67a9
  DroponioCapacitorCallNumber: 99eddb4ee1aba8a109c249f80340bbe2f27ab2f4
  Google-Maps-iOS-Utils: 0a484b05ed21d88c9f9ebbacb007956edd508a96
  GoogleMaps: 0608099d4870cac8754bdba9b6953db543432438
  IONFilesystemLib: 21a63377696b2d8fab5632ecfb7d2ac67bddb68a
  IONGeolocationLib: a5e40b54edc2ee9902036eda5aaa41ddf07bb68d
  OSInAppBrowserLib: bf7cdcc072394ae827f8cfe3f5f9c807691834c0

PODFILE CHECKSUM: 240dc4dde93c2c7500f251f0b516bf6c0ad7ccff

COCOAPODS: 1.16.2
